// !$*UTF8*$!
{
	archiveVersion = 1;
	classes = {
	};
	objectVersion = 46;
	objects = {

/* Begin PBXGroup section */
		18DCFC561913FACF003CD8D7 = {
			isa = PBXGroup;
			children = (
			);
			sourceTree = "<group>";
		};
/* End PBXGroup section */

/* Begin PBXProject section */
		18DCFC581913FACF003CD8D7 /* Project object */ = {
			isa = PBXProject;
			attributes = {
				LastUpgradeCheck = 0420;
			};
			buildConfigurationList = 18DCFC5B1913FACF003CD8D7 /* Build configuration list for PBXProject "aislib-atreyu" */;
			compatibilityVersion = "Xcode 3.2";
			developmentRegion = English;
			hasScannedForEncodings = 0;
			knownRegions = (
				en,
			);
			mainGroup = 18DCFC561913FACF003CD8D7;
			projectDirPath = "";
			projectRoot = "";
			targets = (
			);
		};
/* End PBXProject section */

/* Begin XCBuildConfiguration section */
		18DCFC5D1913FACF003CD8D7 /* Debug */ = {
			isa = XCBuildConfiguration;
			buildSettings = {
			};
			name = Debug;
		};
		18DCFC5E1913FACF003CD8D7 /* Release */ = {
			isa = XCBuildConfiguration;
			buildSettings = {
			};
			name = Release;
		};
/* End XCBuildConfiguration section */

/* Begin XCConfigurationList section */
		18DCFC5B1913FACF003CD8D7 /* Build configuration list for PBXProject "aislib-atreyu" */ = {
			isa = XCConfigurationList;
			buildConfigurations = (
				18DCFC5D1913FACF003CD8D7 /* Debug */,
				18DCFC5E1913FACF003CD8D7 /* Release */,
			);
			defaultConfigurationIsVisible = 0;
			defaultConfigurationName = Release;
		};
/* End XCConfigurationList section */
	};
	rootObject = 18DCFC581913FACF003CD8D7 /* Project object */;
}
