// !$*UTF8*$!
{
	archiveVersion = 1;
	classes = {
	};
	objectVersion = 46;
	objects = {

/* Begin PBXFileReference section */
		184EF45319087F3A0058EB0A /* sonita */ = {isa = PBXFileReference; lastKnownFileType = text; path = sonita; sourceTree = "<group>"; };
/* End PBXFileReference section */

/* Begin PBXGroup section */
		1856AD4919087CD100AE7515 = {
			isa = PBXGroup;
			children = (
				184EF45319087F3A0058EB0A /* sonita */,
			);
			sourceTree = "<group>";
		};
/* End PBXGroup section */

/* Begin PBXProject section */
		1856AD4B19087CD100AE7515 /* Project object */ = {
			isa = PBXProject;
			attributes = {
				LastUpgradeCheck = 0420;
			};
			buildConfigurationList = 1856AD4E19087CD100AE7515 /* Build configuration list for PBXProject "aislib" */;
			compatibilityVersion = "Xcode 3.2";
			developmentRegion = English;
			hasScannedForEncodings = 0;
			knownRegions = (
				en,
			);
			mainGroup = 1856AD4919087CD100AE7515;
			projectDirPath = "";
			projectRoot = "";
			targets = (
			);
		};
/* End PBXProject section */

/* Begin XCBuildConfiguration section */
		1856AD5019087CD100AE7515 /* Debug */ = {
			isa = XCBuildConfiguration;
			buildSettings = {
			};
			name = Debug;
		};
		1856AD5119087CD100AE7515 /* Release */ = {
			isa = XCBuildConfiguration;
			buildSettings = {
			};
			name = Release;
		};
/* End XCBuildConfiguration section */

/* Begin XCConfigurationList section */
		1856AD4E19087CD100AE7515 /* Build configuration list for PBXProject "aislib" */ = {
			isa = XCConfigurationList;
			buildConfigurations = (
				1856AD5019087CD100AE7515 /* Debug */,
				1856AD5119087CD100AE7515 /* Release */,
			);
			defaultConfigurationIsVisible = 0;
			defaultConfigurationName = Release;
		};
/* End XCConfigurationList section */
	};
	rootObject = 1856AD4B19087CD100AE7515 /* Project object */;
}
